// !$*UTF8*$!
{
	archiveVersion = 1;
	classes = {
	};
	objectVersion = 46;
	objects = {

/* Begin PBXBuildFile section */
		B5B4256A1AEEB2DC007C0CFB /* main.m in Sources */ = {isa = PBXBuildFile; fileRef = B5B425691AEEB2DC007C0CFB /* main.m */; };
		B5B4256D1AEEB2DC007C0CFB /* AppDelegate.m in Sources */ = {isa = PBXBuildFile; fileRef = B5B4256C1AEEB2DC007C0CFB /* AppDelegate.m */; };
		B5B425731AEEB2DC007C0CFB /* Main.storyboard in Resources */ = {isa = PBXBuildFile; fileRef = B5B425711AEEB2DC007C0CFB /* Main.storyboard */; };
		B5B425751AEEB2DC007C0CFB /* Images.xcassets in Resources */ = {isa = PBXBuildFile; fileRef = B5B425741AEEB2DC007C0CFB /* Images.xcassets */; };
		B5B425781AEEB2DC007C0CFB /* LaunchScreen.xib in Resources */ = {isa = PBXBuildFile; fileRef = B5B425761AEEB2DC007C0CFB /* LaunchScreen.xib */; };
		B5B425841AEEB2DC007C0CFB /* calculatorTests.m in Sources */ = {isa = PBXBuildFile; fileRef = B5B425831AEEB2DC007C0CFB /* calculatorTests.m */; };
		B5B4258F1AEEB5E8007C0CFB /* CalculatorViewController.m in Sources */ = {isa = PBXBuildFile; fileRef = B5B4258E1AEEB5E8007C0CFB /* CalculatorViewController.m */; };
/* End PBXBuildFile section */

/* Begin PBXContainerItemProxy section */
		B5B4257E1AEEB2DC007C0CFB /* PBXContainerItemProxy */ = {
			isa = PBXContainerItemProxy;
			containerPortal = B5B4255C1AEEB2DC007C0CFB /* Project object */;
			proxyType = 1;
			remoteGlobalIDString = B5B425631AEEB2DC007C0CFB;
			remoteInfo = calculator;
		};
/* End PBXContainerItemProxy section */

/* Begin PBXFileReference section */
		B5B425641AEEB2DC007C0CFB /* calculator.app */ = {isa = PBXFileReference; explicitFileType = wrapper.application; includeInIndex = 0; path = calculator.app; sourceTree = BUILT_PRODUCTS_DIR; };
		B5B425681AEEB2DC007C0CFB /* Info.plist */ = {isa = PBXFileReference; lastKnownFileType = text.plist.xml; path = Info.plist; sourceTree = "<group>"; };
		B5B425691AEEB2DC007C0CFB /* main.m */ = {isa = PBXFileReference; lastKnownFileType = sourcecode.c.objc; path = main.m; sourceTree = "<group>"; };
		B5B4256B1AEEB2DC007C0CFB /* AppDelegate.h */ = {isa = PBXFileReference; lastKnownFileType = sourcecode.c.h; path = AppDelegate.h; sourceTree = "<group>"; };
		B5B4256C1AEEB2DC007C0CFB /* AppDelegate.m */ = {isa = PBXFileReference; lastKnownFileType = sourcecode.c.objc; path = AppDelegate.m; sourceTree = "<group>"; };
		B5B425721AEEB2DC007C0CFB /* Base */ = {isa = PBXFileReference; lastKnownFileType = file.storyboard; name = Base; path = Base.lproj/Main.storyboard; sourceTree = "<group>"; };
		B5B425741AEEB2DC007C0CFB /* Images.xcassets */ = {isa = PBXFileReference; lastKnownFileType = folder.assetcatalog; path = Images.xcassets; sourceTree = "<group>"; };
		B5B425771AEEB2DC007C0CFB /* Base */ = {isa = PBXFileReference; lastKnownFileType = file.xib; name = Base; path = Base.lproj/LaunchScreen.xib; sourceTree = "<group>"; };
		B5B4257D1AEEB2DC007C0CFB /* calculatorTests.xctest */ = {isa = PBXFileReference; explicitFileType = wrapper.cfbundle; includeInIndex = 0; path = calculatorTests.xctest; sourceTree = BUILT_PRODUCTS_DIR; };
		B5B425821AEEB2DC007C0CFB /* Info.plist */ = {isa = PBXFileReference; lastKnownFileType = text.plist.xml; path = Info.plist; sourceTree = "<group>"; };
		B5B425831AEEB2DC007C0CFB /* calculatorTests.m */ = {isa = PBXFileReference; lastKnownFileType = sourcecode.c.objc; path = calculatorTests.m; sourceTree = "<group>"; };
		B5B4258D1AEEB5E8007C0CFB /* CalculatorViewController.h */ = {isa = PBXFileReference; fileEncoding = 4; lastKnownFileType = sourcecode.c.h; path = CalculatorViewController.h; sourceTree = "<group>"; };
		B5B4258E1AEEB5E8007C0CFB /* CalculatorViewController.m */ = {isa = PBXFileReference; fileEncoding = 4; lastKnownFileType = sourcecode.c.objc; path = CalculatorViewController.m; sourceTree = "<group>"; };
/* End PBXFileReference section */

/* Begin PBXFrameworksBuildPhase section */
		B5B425611AEEB2DC007C0CFB /* Frameworks */ = {
			isa = PBXFrameworksBuildPhase;
			buildActionMask = 2147483647;
			files = (
			);
			runOnlyForDeploymentPostprocessing = 0;
		};
		B5B4257A1AEEB2DC007C0CFB /* Frameworks */ = {
			isa = PBXFrameworksBuildPhase;
			buildActionMask = 2147483647;
			files = (
			);
			runOnlyForDeploymentPostprocessing = 0;
		};
/* End PBXFrameworksBuildPhase section */

/* Begin PBXGroup section */
		B5B4255B1AEEB2DC007C0CFB = {
			isa = PBXGroup;
			children = (
				B5B425661AEEB2DC007C0CFB /* calculator */,
				B5B425801AEEB2DC007C0CFB /* calculatorTests */,
				B5B425651AEEB2DC007C0CFB /* Products */,
			);
			sourceTree = "<group>";
		};
		B5B425651AEEB2DC007C0CFB /* Products */ = {
			isa = PBXGroup;
			children = (
				B5B425641AEEB2DC007C0CFB /* calculator.app */,
				B5B4257D1AEEB2DC007C0CFB /* calculatorTests.xctest */,
			);
			name = Products;
			sourceTree = "<group>";
		};
		B5B425661AEEB2DC007C0CFB /* calculator */ = {
			isa = PBXGroup;
			children = (
				B5B4256B1AEEB2DC007C0CFB /* AppDelegate.h */,
				B5B4256C1AEEB2DC007C0CFB /* AppDelegate.m */,
				B5B425711AEEB2DC007C0CFB /* Main.storyboard */,
				B5B425741AEEB2DC007C0CFB /* Images.xcassets */,
				B5B425761AEEB2DC007C0CFB /* LaunchScreen.xib */,
				B5B425671AEEB2DC007C0CFB /* Supporting Files */,
				B5B4258D1AEEB5E8007C0CFB /* CalculatorViewController.h */,
				B5B4258E1AEEB5E8007C0CFB /* CalculatorViewController.m */,
			);
			path = calculator;
			sourceTree = "<group>";
		};
		B5B425671AEEB2DC007C0CFB /* Supporting Files */ = {
			isa = PBXGroup;
			children = (
				B5B425681AEEB2DC007C0CFB /* Info.plist */,
				B5B425691AEEB2DC007C0CFB /* main.m */,
			);
			name = "Supporting Files";
			sourceTree = "<group>";
		};
		B5B425801AEEB2DC007C0CFB /* calculatorTests */ = {
			isa = PBXGroup;
			children = (
				B5B425831AEEB2DC007C0CFB /* calculatorTests.m */,
				B5B425811AEEB2DC007C0CFB /* Supporting Files */,
			);
			path = calculatorTests;
			sourceTree = "<group>";
		};
		B5B425811AEEB2DC007C0CFB /* Supporting Files */ = {
			isa = PBXGroup;
			children = (
				B5B425821AEEB2DC007C0CFB /* Info.plist */,
			);
			name = "Supporting Files";
			sourceTree = "<group>";
		};
/* End PBXGroup section */

/* Begin PBXNativeTarget section */
		B5B425631AEEB2DC007C0CFB /* calculator */ = {
			isa = PBXNativeTarget;
			buildConfigurationList = B5B425871AEEB2DC007C0CFB /* Build configuration list for PBXNativeTarget "calculator" */;
			buildPhases = (
				B5B425601AEEB2DC007C0CFB /* Sources */,
				B5B425611AEEB2DC007C0CFB /* Frameworks */,
				B5B425621AEEB2DC007C0CFB /* Resources */,
			);
			buildRules = (
			);
			dependencies = (
			);
			name = calculator;
			productName = calculator;
			productReference = B5B425641AEEB2DC007C0CFB /* calculator.app */;
			productType = "com.apple.product-type.application";
		};
		B5B4257C1AEEB2DC007C0CFB /* calculatorTests */ = {
			isa = PBXNativeTarget;
			buildConfigurationList = B5B4258A1AEEB2DC007C0CFB /* Build configuration list for PBXNativeTarget "calculatorTests" */;
			buildPhases = (
				B5B425791AEEB2DC007C0CFB /* Sources */,
				B5B4257A1AEEB2DC007C0CFB /* Frameworks */,
				B5B4257B1AEEB2DC007C0CFB /* Resources */,
			);
			buildRules = (
			);
			dependencies = (
				B5B4257F1AEEB2DC007C0CFB /* PBXTargetDependency */,
			);
			name = calculatorTests;
			productName = calculatorTests;
			productReference = B5B4257D1AEEB2DC007C0CFB /* calculatorTests.xctest */;
			productType = "com.apple.product-type.bundle.unit-test";
		};
/* End PBXNativeTarget section */

/* Begin PBXProject section */
		B5B4255C1AEEB2DC007C0CFB /* Project object */ = {
			isa = PBXProject;
			attributes = {
				LastUpgradeCheck = 0630;
				ORGANIZATIONNAME = Globant;
				TargetAttributes = {
					B5B425631AEEB2DC007C0CFB = {
						CreatedOnToolsVersion = 6.3.1;
					};
					B5B4257C1AEEB2DC007C0CFB = {
						CreatedOnToolsVersion = 6.3.1;
						TestTargetID = B5B425631AEEB2DC007C0CFB;
					};
				};
			};
			buildConfigurationList = B5B4255F1AEEB2DC007C0CFB /* Build configuration list for PBXProject "calculator" */;
			compatibilityVersion = "Xcode 3.2";
			developmentRegion = English;
			hasScannedForEncodings = 0;
			knownRegions = (
				en,
				Base,
			);
			mainGroup = B5B4255B1AEEB2DC007C0CFB;
			productRefGroup = B5B425651AEEB2DC007C0CFB /* Products */;
			projectDirPath = "";
			projectRoot = "";
			targets = (
				B5B425631AEEB2DC007C0CFB /* calculator */,
				B5B4257C1AEEB2DC007C0CFB /* calculatorTests */,
			);
		};
/* End PBXProject section */

/* Begin PBXResourcesBuildPhase section */
		B5B425621AEEB2DC007C0CFB /* Resources */ = {
			isa = PBXResourcesBuildPhase;
			buildActionMask = 2147483647;
			files = (
				B5B425731AEEB2DC007C0CFB /* Main.storyboard in Resources */,
				B5B425781AEEB2DC007C0CFB /* LaunchScreen.xib in Resources */,
				B5B425751AEEB2DC007C0CFB /* Images.xcassets in Resources */,
			);
			runOnlyForDeploymentPostprocessing = 0;
		};
		B5B4257B1AEEB2DC007C0CFB /* Resources */ = {
			isa = PBXResourcesBuildPhase;
			buildActionMask = 2147483647;
			files = (
			);
			runOnlyForDeploymentPostprocessing = 0;
		};
/* End PBXResourcesBuildPhase section */

/* Begin PBXSourcesBuildPhase section */
		B5B425601AEEB2DC007C0CFB /* Sources */ = {
			isa = PBXSourcesBuildPhase;
			buildActionMask = 2147483647;
			files = (
				B5B4256D1AEEB2DC007C0CFB /* AppDelegate.m in Sources */,
				B5B4258F1AEEB5E8007C0CFB /* CalculatorViewController.m in Sources */,
				B5B4256A1AEEB2DC007C0CFB /* main.m in Sources */,
			);
			runOnlyForDeploymentPostprocessing = 0;
		};
		B5B425791AEEB2DC007C0CFB /* Sources */ = {
			isa = PBXSourcesBuildPhase;
			buildActionMask = 2147483647;
			files = (
				B5B425841AEEB2DC007C0CFB /* calculatorTests.m in Sources */,
			);
			runOnlyForDeploymentPostprocessing = 0;
		};
/* End PBXSourcesBuildPhase section */

/* Begin PBXTargetDependency section */
		B5B4257F1AEEB2DC007C0CFB /* PBXTargetDependency */ = {
			isa = PBXTargetDependency;
			target = B5B425631AEEB2DC007C0CFB /* calculator */;
			targetProxy = B5B4257E1AEEB2DC007C0CFB /* PBXContainerItemProxy */;
		};
/* End PBXTargetDependency section */

/* Begin PBXVariantGroup section */
		B5B425711AEEB2DC007C0CFB /* Main.storyboard */ = {
			isa = PBXVariantGroup;
			children = (
				B5B425721AEEB2DC007C0CFB /* Base */,
			);
			name = Main.storyboard;
			sourceTree = "<group>";
		};
		B5B425761AEEB2DC007C0CFB /* LaunchScreen.xib */ = {
			isa = PBXVariantGroup;
			children = (
				B5B425771AEEB2DC007C0CFB /* Base */,
			);
			name = LaunchScreen.xib;
			sourceTree = "<group>";
		};
/* End PBXVariantGroup section */

/* Begin XCBuildConfiguration section */
		B5B425851AEEB2DC007C0CFB /* Debug */ = {
			isa = XCBuildConfiguration;
			buildSettings = {
				ALWAYS_SEARCH_USER_PATHS = NO;
				CLANG_CXX_LANGUAGE_STANDARD = "gnu++0x";
				CLANG_CXX_LIBRARY = "libc++";
				CLANG_ENABLE_MODULES = YES;
				CLANG_ENABLE_OBJC_ARC = YES;
				CLANG_WARN_BOOL_CONVERSION = YES;
				CLANG_WARN_CONSTANT_CONVERSION = YES;
				CLANG_WARN_DIRECT_OBJC_ISA_USAGE = YES_ERROR;
				CLANG_WARN_EMPTY_BODY = YES;
				CLANG_WARN_ENUM_CONVERSION = YES;
				CLANG_WARN_INT_CONVERSION = YES;
				CLANG_WARN_OBJC_ROOT_CLASS = YES_ERROR;
				CLANG_WARN_UNREACHABLE_CODE = YES;
				CLANG_WARN__DUPLICATE_METHOD_MATCH = YES;
				"CODE_SIGN_IDENTITY[sdk=iphoneos*]" = "iPhone Developer";
				COPY_PHASE_STRIP = NO;
				DEBUG_INFORMATION_FORMAT = "dwarf-with-dsym";
				ENABLE_STRICT_OBJC_MSGSEND = YES;
				GCC_C_LANGUAGE_STANDARD = gnu99;
				GCC_DYNAMIC_NO_PIC = NO;
				GCC_NO_COMMON_BLOCKS = YES;
				GCC_OPTIMIZATION_LEVEL = 0;
				GCC_PREPROCESSOR_DEFINITIONS = (
					"DEBUG=1",
					"$(inherited)",
				);
				GCC_SYMBOLS_PRIVATE_EXTERN = NO;
				GCC_WARN_64_TO_32_BIT_CONVERSION = YES;
				GCC_WARN_ABOUT_RETURN_TYPE = YES_ERROR;
				GCC_WARN_UNDECLARED_SELECTOR = YES;
				GCC_WARN_UNINITIALIZED_AUTOS = YES_AGGRESSIVE;
				GCC_WARN_UNUSED_FUNCTION = YES;
				GCC_WARN_UNUSED_VARIABLE = YES;
				IPHONEOS_DEPLOYMENT_TARGET = 8.3;
				MTL_ENABLE_DEBUG_INFO = YES;
				ONLY_ACTIVE_ARCH = YES;
				SDKROOT = iphoneos;
			};
			name = Debug;
		};
		B5B425861AEEB2DC007C0CFB /* Release */ = {
			isa = XCBuildConfiguration;
			buildSettings = {
				ALWAYS_SEARCH_USER_PATHS = NO;
				CLANG_CXX_LANGUAGE_STANDARD = "gnu++0x";
				CLANG_CXX_LIBRARY = "libc++";
				CLANG_ENABLE_MODULES = YES;
				CLANG_ENABLE_OBJC_ARC = YES;
				CLANG_WARN_BOOL_CONVERSION = YES;
				CLANG_WARN_CONSTANT_CONVERSION = YES;
				CLANG_WARN_DIRECT_OBJC_ISA_USAGE = YES_ERROR;
				CLANG_WARN_EMPTY_BODY = YES;
				CLANG_WARN_ENUM_CONVERSION = YES;
				CLANG_WARN_INT_CONVERSION = YES;
				CLANG_WARN_OBJC_ROOT_CLASS = YES_ERROR;
				CLANG_WARN_UNREACHABLE_CODE = YES;
				CLANG_WARN__DUPLICATE_METHOD_MATCH = YES;
				"CODE_SIGN_IDENTITY[sdk=iphoneos*]" = "iPhone Developer";
				COPY_PHASE_STRIP = NO;
				DEBUG_INFORMATION_FORMAT = "dwarf-with-dsym";
				ENABLE_NS_ASSERTIONS = NO;
				ENABLE_STRICT_OBJC_MSGSEND = YES;
				GCC_C_LANGUAGE_STANDARD = gnu99;
				GCC_NO_COMMON_BLOCKS = YES;
				GCC_WARN_64_TO_32_BIT_CONVERSION = YES;
				GCC_WARN_ABOUT_RETURN_TYPE = YES_ERROR;
				GCC_WARN_UNDECLARED_SELECTOR = YES;
				GCC_WARN_UNINITIALIZED_AUTOS = YES_AGGRESSIVE;
				GCC_WARN_UNUSED_FUNCTION = YES;
				GCC_WARN_UNUSED_VARIABLE = YES;
				IPHONEOS_DEPLOYMENT_TARGET = 8.3;
				MTL_ENABLE_DEBUG_INFO = NO;
				SDKROOT = iphoneos;
				VALIDATE_PRODUCT = YES;
			};
			name = Release;
		};
		B5B425881AEEB2DC007C0CFB /* Debug */ = {
			isa = XCBuildConfiguration;
			buildSettings = {
				ASSETCATALOG_COMPILER_APPICON_NAME = AppIcon;
				INFOPLIST_FILE = calculator/Info.plist;
				LD_RUNPATH_SEARCH_PATHS = "$(inherited) @executable_path/Frameworks";
				PRODUCT_NAME = "$(TARGET_NAME)";
				TARGETED_DEVICE_FAMILY = "1,2";
			};
			name = Debug;
		};
		B5B425891AEEB2DC007C0CFB /* Release */ = {
			isa = XCBuildConfiguration;
			buildSettings = {
				ASSETCATALOG_COMPILER_APPICON_NAME = AppIcon;
				INFOPLIST_FILE = calculator/Info.plist;
				LD_RUNPATH_SEARCH_PATHS = "$(inherited) @executable_path/Frameworks";
				PRODUCT_NAME = "$(TARGET_NAME)";
				TARGETED_DEVICE_FAMILY = "1,2";
			};
			name = Release;
		};
		B5B4258B1AEEB2DC007C0CFB /* Debug */ = {
			isa = XCBuildConfiguration;
			buildSettings = {
				BUNDLE_LOADER = "$(TEST_HOST)";
				FRAMEWORK_SEARCH_PATHS = (
					"$(SDKROOT)/Developer/Library/Frameworks",
					"$(inherited)",
				);
				GCC_PREPROCESSOR_DEFINITIONS = (
					"DEBUG=1",
					"$(inherited)",
				);
				INFOPLIST_FILE = calculatorTests/Info.plist;
				LD_RUNPATH_SEARCH_PATHS = "$(inherited) @executable_path/Frameworks @loader_path/Frameworks";
				PRODUCT_NAME = "$(TARGET_NAME)";
				TEST_HOST = "$(BUILT_PRODUCTS_DIR)/calculator.app/calculator";
			};
			name = Debug;
		};
		B5B4258C1AEEB2DC007C0CFB /* Release */ = {
			isa = XCBuildConfiguration;
			buildSettings = {
				BUNDLE_LOADER = "$(TEST_HOST)";
				FRAMEWORK_SEARCH_PATHS = (
					"$(SDKROOT)/Developer/Library/Frameworks",
					"$(inherited)",
				);
				INFOPLIST_FILE = calculatorTests/Info.plist;
				LD_RUNPATH_SEARCH_PATHS = "$(inherited) @executable_path/Frameworks @loader_path/Frameworks";
				PRODUCT_NAME = "$(TARGET_NAME)";
				TEST_HOST = "$(BUILT_PRODUCTS_DIR)/calculator.app/calculator";
			};
			name = Release;
		};
/* End XCBuildConfiguration section */

/* Begin XCConfigurationList section */
		B5B4255F1AEEB2DC007C0CFB /* Build configuration list for PBXProject "calculator" */ = {
			isa = XCConfigurationList;
			buildConfigurations = (
				B5B425851AEEB2DC007C0CFB /* Debug */,
				B5B425861AEEB2DC007C0CFB /* Release */,
			);
			defaultConfigurationIsVisible = 0;
			defaultConfigurationName = Release;
		};
		B5B425871AEEB2DC007C0CFB /* Build configuration list for PBXNativeTarget "calculator" */ = {
			isa = XCConfigurationList;
			buildConfigurations = (
				B5B425881AEEB2DC007C0CFB /* Debug */,
				B5B425891AEEB2DC007C0CFB /* Release */,
			);
			defaultConfigurationIsVisible = 0;
			defaultConfigurationName = Release;
		};
		B5B4258A1AEEB2DC007C0CFB /* Build configuration list for PBXNativeTarget "calculatorTests" */ = {
			isa = XCConfigurationList;
			buildConfigurations = (
				B5B4258B1AEEB2DC007C0CFB /* Debug */,
				B5B4258C1AEEB2DC007C0CFB /* Release */,
			);
			defaultConfigurationIsVisible = 0;
			defaultConfigurationName = Release;
		};
/* End XCConfigurationList section */
	};
	rootObject = B5B4255C1AEEB2DC007C0CFB /* Project object */;
}
